# THIS IS AN AUTOGENERATED FILE. DO NOT EDIT THIS FILE DIRECTLY.
# yarn lockfile v1


"@polymer/app-layout@^3.0.0-pre.7":
  version "3.0.0-pre.8"
  resolved "https://registry.yarnpkg.com/@polymer/app-layout/-/app-layout-3.0.0-pre.8.tgz#3ee697c2bdceac4e7c94f651eb7be8ef24256489"
  dependencies:
    "@polymer/iron-flex-layout" "^3.0.0-pre.7"
    "@polymer/iron-media-query" "^3.0.0-pre.7"
    "@polymer/iron-resizable-behavior" "^3.0.0-pre.7"
    "@polymer/iron-scroll-target-behavior" "^3.0.0-pre.7"
    "@polymer/polymer" "^3.0.0-pre.7"

"@polymer/app-route@^3.0.0-pre.7":
  version "3.0.0-pre.8"
  resolved "https://registry.yarnpkg.com/@polymer/app-route/-/app-route-3.0.0-pre.8.tgz#266d5894de13ef0aa13f18267e00ec8ce2296eb3"
  dependencies:
    "@polymer/iron-location" "^3.0.0-pre.7"
    "@polymer/polymer" "^3.0.0-pre.7"

"@polymer/app-storage@^3.0.0-pre.7":
  version "3.0.0-pre.8"
  resolved "https://registry.yarnpkg.com/@polymer/app-storage/-/app-storage-3.0.0-pre.8.tgz#1b9bdcf2e9f3dc3ab5aee59e2aa60f24cd783eee"
  dependencies:
    "@polymer/polymer" "^3.0.0-pre.7"

"@polymer/font-roboto@^3.0.0-pre.7":
  version "3.0.0-pre.8"
  resolved "https://registry.yarnpkg.com/@polymer/font-roboto/-/font-roboto-3.0.0-pre.8.tgz#c8a3e168eacab03cd91fd52d7be72f4fd199cab9"

"@polymer/iron-a11y-announcer@^3.0.0-pre.7":
  version "3.0.0-pre.8"
  resolved "https://registry.yarnpkg.com/@polymer/iron-a11y-announcer/-/iron-a11y-announcer-3.0.0-pre.8.tgz#f8da5f22de28e12448738e376f0427e695835191"
  dependencies:
    "@polymer/polymer" "^3.0.0-pre.7"

"@polymer/iron-a11y-keys-behavior@^3.0.0-pre.7":
  version "3.0.0-pre.8"
  resolved "https://registry.yarnpkg.com/@polymer/iron-a11y-keys-behavior/-/iron-a11y-keys-behavior-3.0.0-pre.8.tgz#bb090ba4065596c2f2bc5d463e408c499b706e1b"
  dependencies:
    "@polymer/polymer" "^3.0.0-pre.7"

"@polymer/iron-ajax@^3.0.0-pre.7":
  version "3.0.0-pre.8"
  resolved "https://registry.yarnpkg.com/@polymer/iron-ajax/-/iron-ajax-3.0.0-pre.8.tgz#cc2cfec08eb5bc7fbe853c64b06d3d317e270dbb"
  dependencies:
    "@polymer/polymer" "^3.0.0-pre.7"

"@polymer/iron-autogrow-textarea@^3.0.0-pre.7":
  version "3.0.0-pre.8"
  resolved "https://registry.yarnpkg.com/@polymer/iron-autogrow-textarea/-/iron-autogrow-textarea-3.0.0-pre.8.tgz#a879e4bf2dc931e8d88d0121edbfb158d34720ea"
  dependencies:
    "@polymer/iron-behaviors" "^3.0.0-pre.7"
    "@polymer/iron-flex-layout" "^3.0.0-pre.7"
    "@polymer/iron-validatable-behavior" "^3.0.0-pre.7"
    "@polymer/polymer" "^3.0.0-pre.7"

"@polymer/iron-behaviors@^3.0.0-pre.7":
  version "3.0.0-pre.8"
  resolved "https://registry.yarnpkg.com/@polymer/iron-behaviors/-/iron-behaviors-3.0.0-pre.8.tgz#02916fe2314bd8b7fc2c3fe411b875fd46b32edb"
  dependencies:
    "@polymer/iron-a11y-keys-behavior" "^3.0.0-pre.7"
    "@polymer/polymer" "^3.0.0-pre.7"

"@polymer/iron-checked-element-behavior@^3.0.0-pre.7":
  version "3.0.0-pre.8"
  resolved "https://registry.yarnpkg.com/@polymer/iron-checked-element-behavior/-/iron-checked-element-behavior-3.0.0-pre.8.tgz#926aae13c180898aff8cda822df5c5011f79da3c"
  dependencies:
    "@polymer/iron-form-element-behavior" "^3.0.0-pre.7"
    "@polymer/iron-validatable-behavior" "^3.0.0-pre.7"
    "@polymer/polymer" "^3.0.0-pre.7"

"@polymer/iron-collapse@^3.0.0-pre.7":
  version "3.0.0-pre.8"
  resolved "https://registry.yarnpkg.com/@polymer/iron-collapse/-/iron-collapse-3.0.0-pre.8.tgz#e624ec0a7a881206f62d38ca38131b3ee0f64f71"
  dependencies:
    "@polymer/iron-resizable-behavior" "^3.0.0-pre.7"
    "@polymer/polymer" "^3.0.0-pre.7"

"@polymer/iron-fit-behavior@^3.0.0-pre.7":
  version "3.0.0-pre.8"
  resolved "https://registry.yarnpkg.com/@polymer/iron-fit-behavior/-/iron-fit-behavior-3.0.0-pre.8.tgz#789e252acde3fae08b0fd33d7ef763de96497cd3"
  dependencies:
    "@polymer/polymer" "^3.0.0-pre.7"

"@polymer/iron-flex-layout@^3.0.0-pre.7":
  version "3.0.0-pre.8"
  resolved "https://registry.yarnpkg.com/@polymer/iron-flex-layout/-/iron-flex-layout-3.0.0-pre.8.tgz#9588dec5d06e1a3d0671007680e54121141df7f4"
  dependencies:
    "@polymer/polymer" "^3.0.0-pre.7"

"@polymer/iron-form-element-behavior@^3.0.0-pre.7":
  version "3.0.0-pre.8"
  resolved "https://registry.yarnpkg.com/@polymer/iron-form-element-behavior/-/iron-form-element-behavior-3.0.0-pre.8.tgz#49cfbbcc053371b8f664b49509544566d94ac56b"
  dependencies:
    "@polymer/polymer" "^3.0.0-pre.7"

"@polymer/iron-form@^3.0.0-pre.7":
  version "3.0.0-pre.8"
  resolved "https://registry.yarnpkg.com/@polymer/iron-form/-/iron-form-3.0.0-pre.8.tgz#1874cd8e2c404c1eebe27b3dc987f0c9ab23c074"
  dependencies:
    "@polymer/iron-ajax" "^3.0.0-pre.7"
    "@polymer/polymer" "^3.0.0-pre.7"

"@polymer/iron-icon@^3.0.0-pre.7":
  version "3.0.0-pre.8"
  resolved "https://registry.yarnpkg.com/@polymer/iron-icon/-/iron-icon-3.0.0-pre.8.tgz#5f1a5aa53ee74e0e76932a6ddd77f9ee380f055f"
  dependencies:
    "@polymer/iron-flex-layout" "^3.0.0-pre.7"
    "@polymer/iron-meta" "^3.0.0-pre.7"
    "@polymer/polymer" "^3.0.0-pre.7"

"@polymer/iron-icons@^3.0.0-pre.7":
  version "3.0.0-pre.8"
  resolved "https://registry.yarnpkg.com/@polymer/iron-icons/-/iron-icons-3.0.0-pre.8.tgz#6adf32c7294acb4d159c770c0a471819b38ae145"
  dependencies:
    "@polymer/iron-icon" "^3.0.0-pre.7"
    "@polymer/iron-iconset-svg" "^3.0.0-pre.7"
    "@polymer/polymer" "^3.0.0-pre.7"

"@polymer/iron-iconset-svg@^3.0.0-pre.7":
  version "3.0.0-pre.8"
  resolved "https://registry.yarnpkg.com/@polymer/iron-iconset-svg/-/iron-iconset-svg-3.0.0-pre.8.tgz#06c8f650517e7346f96b7200a2a4c3bef38255e0"
  dependencies:
    "@polymer/iron-meta" "^3.0.0-pre.7"
    "@polymer/polymer" "^3.0.0-pre.7"

"@polymer/iron-image@^3.0.0-pre.7":
  version "3.0.0-pre.8"
  resolved "https://registry.yarnpkg.com/@polymer/iron-image/-/iron-image-3.0.0-pre.8.tgz#d2f82012c2851bf170b96820b37a7cf83daa5fe3"
  dependencies:
    "@polymer/polymer" "^3.0.0-pre.7"

"@polymer/iron-input@^3.0.0-pre.7":
  version "3.0.0-pre.8"
  resolved "https://registry.yarnpkg.com/@polymer/iron-input/-/iron-input-3.0.0-pre.8.tgz#532d9133da836f17cf1a1f2a79f76794523e9f23"
  dependencies:
    "@polymer/iron-a11y-announcer" "^3.0.0-pre.7"
    "@polymer/iron-validatable-behavior" "^3.0.0-pre.7"
    "@polymer/polymer" "^3.0.0-pre.7"

"@polymer/iron-location@^3.0.0-pre.7":
  version "3.0.0-pre.8"
  resolved "https://registry.yarnpkg.com/@polymer/iron-location/-/iron-location-3.0.0-pre.8.tgz#2acf2a95decd72412f5c68e7cc732f8cee4422c2"
  dependencies:
    "@polymer/polymer" "^3.0.0-pre.7"

"@polymer/iron-media-query@^3.0.0-pre.7":
  version "3.0.0-pre.8"
  resolved "https://registry.yarnpkg.com/@polymer/iron-media-query/-/iron-media-query-3.0.0-pre.8.tgz#2e733d499de700620701fbf59261f463ae915e41"
  dependencies:
    "@polymer/polymer" "^3.0.0-pre.7"

"@polymer/iron-menu-behavior@^3.0.0-pre.7":
  version "3.0.0-pre.8"
  resolved "https://registry.yarnpkg.com/@polymer/iron-menu-behavior/-/iron-menu-behavior-3.0.0-pre.8.tgz#bc082fa4575ecd48b5811b846616e2f8d5584452"
  dependencies:
    "@polymer/iron-a11y-keys-behavior" "^3.0.0-pre.7"
    "@polymer/iron-flex-layout" "^3.0.0-pre.7"
    "@polymer/iron-selector" "^3.0.0-pre.7"
    "@polymer/polymer" "^3.0.0-pre.7"

"@polymer/iron-meta@^3.0.0-pre.7":
  version "3.0.0-pre.8"
  resolved "https://registry.yarnpkg.com/@polymer/iron-meta/-/iron-meta-3.0.0-pre.8.tgz#820585d219f7a76c940be6cc3cf851e9df66db38"
  dependencies:
    "@polymer/polymer" "^3.0.0-pre.7"

"@polymer/iron-overlay-behavior@^3.0.0-pre.7":
  version "3.0.0-pre.8"
  resolved "https://registry.yarnpkg.com/@polymer/iron-overlay-behavior/-/iron-overlay-behavior-3.0.0-pre.8.tgz#2536b03b82b7e753744d5521ce4b4c6d3596cae1"
  dependencies:
    "@polymer/iron-a11y-keys-behavior" "^3.0.0-pre.7"
    "@polymer/iron-fit-behavior" "^3.0.0-pre.7"
    "@polymer/iron-resizable-behavior" "^3.0.0-pre.7"
    "@polymer/polymer" "^3.0.0-pre.7"

"@polymer/iron-pages@^3.0.0-pre.7":
  version "3.0.0-pre.8"
  resolved "https://registry.yarnpkg.com/@polymer/iron-pages/-/iron-pages-3.0.0-pre.8.tgz#bcdd65020d096134c53875db2ca3c4e436755c26"
  dependencies:
    "@polymer/iron-resizable-behavior" "^3.0.0-pre.7"
    "@polymer/iron-selector" "^3.0.0-pre.7"
    "@polymer/polymer" "^3.0.0-pre.7"

"@polymer/iron-resizable-behavior@^3.0.0-pre.7":
  version "3.0.0-pre.8"
  resolved "https://registry.yarnpkg.com/@polymer/iron-resizable-behavior/-/iron-resizable-behavior-3.0.0-pre.8.tgz#2aa4489b1b45367fde383aa262374a5bb77c68a5"
  dependencies:
    "@polymer/polymer" "^3.0.0-pre.7"

"@polymer/iron-scroll-target-behavior@^3.0.0-pre.7":
  version "3.0.0-pre.8"
  resolved "https://registry.yarnpkg.com/@polymer/iron-scroll-target-behavior/-/iron-scroll-target-behavior-3.0.0-pre.8.tgz#7cf1147ba27d1f3a069a68f5ab46ec73471b495c"
  dependencies:
    "@polymer/polymer" "^3.0.0-pre.7"

"@polymer/iron-selector@^3.0.0-pre.7":
  version "3.0.0-pre.8"
  resolved "https://registry.yarnpkg.com/@polymer/iron-selector/-/iron-selector-3.0.0-pre.8.tgz#5eca616365ecd8b2a7e26bfcd8e5c02ba82b7705"
  dependencies:
    "@polymer/polymer" "^3.0.0-pre.7"

"@polymer/iron-validatable-behavior@^3.0.0-pre.7":
  version "3.0.0-pre.8"
  resolved "https://registry.yarnpkg.com/@polymer/iron-validatable-behavior/-/iron-validatable-behavior-3.0.0-pre.8.tgz#36f68542ba16b3b0692540db0c29c69af96e26df"
  dependencies:
    "@polymer/iron-meta" "^3.0.0-pre.7"
    "@polymer/polymer" "^3.0.0-pre.7"

"@polymer/lit-element@^0.1.0":
  version "0.1.0"
  resolved "https://registry.yarnpkg.com/@polymer/lit-element/-/lit-element-0.1.0.tgz#e0a8ba8906fe8ca51f7f7ea39d47059f074c63a6"
  dependencies:
    "@polymer/polymer" "^3.0.0-pre.4"
    lit-html "^0.8.0"

"@polymer/neon-animation@^3.0.0-pre.7":
  version "3.0.0-pre.8"
  resolved "https://registry.yarnpkg.com/@polymer/neon-animation/-/neon-animation-3.0.0-pre.8.tgz#c900d19088bbfc501ddf0306136ce0a67b03087c"
  dependencies:
    "@polymer/iron-resizable-behavior" "^3.0.0-pre.7"
    "@polymer/iron-selector" "^3.0.0-pre.7"
    "@polymer/polymer" "^3.0.0-pre.7"

"@polymer/paper-behaviors@^3.0.0-pre.7":
  version "3.0.0-pre.8"
  resolved "https://registry.yarnpkg.com/@polymer/paper-behaviors/-/paper-behaviors-3.0.0-pre.8.tgz#cc509c8f8f6fd59310f65bf14712668e2ae245d7"
  dependencies:
    "@polymer/iron-behaviors" "^3.0.0-pre.7"
    "@polymer/iron-checked-element-behavior" "^3.0.0-pre.7"
    "@polymer/paper-ripple" "^3.0.0-pre.7"
    "@polymer/polymer" "^3.0.0-pre.7"

"@polymer/paper-button@^3.0.0-pre.7":
  version "3.0.0-pre.8"
  resolved "https://registry.yarnpkg.com/@polymer/paper-button/-/paper-button-3.0.0-pre.8.tgz#ec5e9803ab1f79865d63ba17e5a1003d66bae553"
  dependencies:
    "@polymer/iron-flex-layout" "^3.0.0-pre.7"
    "@polymer/paper-behaviors" "^3.0.0-pre.7"
    "@polymer/paper-styles" "^3.0.0-pre.7"
    "@polymer/polymer" "^3.0.0-pre.7"

"@polymer/paper-card@^3.0.0-pre.7":
  version "3.0.0-pre.8"
  resolved "https://registry.yarnpkg.com/@polymer/paper-card/-/paper-card-3.0.0-pre.8.tgz#cee5473432a22091635143d8c61062cf368a3976"
  dependencies:
    "@polymer/iron-flex-layout" "^3.0.0-pre.7"
    "@polymer/iron-image" "^3.0.0-pre.7"
    "@polymer/paper-styles" "^3.0.0-pre.7"
    "@polymer/polymer" "^3.0.0-pre.7"

"@polymer/paper-checkbox@^3.0.0-pre.7":
  version "3.0.0-pre.8"
  resolved "https://registry.yarnpkg.com/@polymer/paper-checkbox/-/paper-checkbox-3.0.0-pre.8.tgz#79f6106304bf322fc677467c54163cf6d9b041be"
  dependencies:
    "@polymer/iron-a11y-keys-behavior" "^3.0.0-pre.7"
    "@polymer/iron-checked-element-behavior" "^3.0.0-pre.7"
    "@polymer/paper-behaviors" "^3.0.0-pre.7"
    "@polymer/paper-ripple" "^3.0.0-pre.7"
    "@polymer/paper-styles" "^3.0.0-pre.7"
    "@polymer/polymer" "^3.0.0-pre.7"

"@polymer/paper-dialog-behavior@^3.0.0-pre.7":
  version "3.0.0-pre.8"
  resolved "https://registry.yarnpkg.com/@polymer/paper-dialog-behavior/-/paper-dialog-behavior-3.0.0-pre.8.tgz#d1dbad0ec121de033ffd2185603d14241fc18491"
  dependencies:
    "@polymer/iron-overlay-behavior" "^3.0.0-pre.7"
    "@polymer/paper-styles" "^3.0.0-pre.7"
    "@polymer/polymer" "^3.0.0-pre.7"

"@polymer/paper-dialog-scrollable@^3.0.0-pre.7":
  version "3.0.0-pre.8"
  resolved "https://registry.yarnpkg.com/@polymer/paper-dialog-scrollable/-/paper-dialog-scrollable-3.0.0-pre.8.tgz#8e10980accd8395036d12107b2a381d16f721ad6"
  dependencies:
    "@polymer/iron-flex-layout" "^3.0.0-pre.7"
    "@polymer/paper-dialog-behavior" "^3.0.0-pre.7"
    "@polymer/paper-styles" "^3.0.0-pre.7"
    "@polymer/polymer" "^3.0.0-pre.7"

"@polymer/paper-dialog@^3.0.0-pre.7":
  version "3.0.0-pre.8"
  resolved "https://registry.yarnpkg.com/@polymer/paper-dialog/-/paper-dialog-3.0.0-pre.8.tgz#1648d51bbf24cbafc8f55b09c821140f56693192"
  dependencies:
    "@polymer/iron-overlay-behavior" "^3.0.0-pre.7"
    "@polymer/neon-animation" "^3.0.0-pre.7"
    "@polymer/paper-dialog-behavior" "^3.0.0-pre.7"
    "@polymer/polymer" "^3.0.0-pre.7"

"@polymer/paper-icon-button@^3.0.0-pre.7":
  version "3.0.0-pre.8"
  resolved "https://registry.yarnpkg.com/@polymer/paper-icon-button/-/paper-icon-button-3.0.0-pre.8.tgz#f7bd8a53761eaafd8ba9c2a6431516a2d2d48b54"
  dependencies:
    "@polymer/iron-icon" "^3.0.0-pre.7"
    "@polymer/paper-behaviors" "^3.0.0-pre.7"
    "@polymer/paper-styles" "^3.0.0-pre.7"
    "@polymer/polymer" "^3.0.0-pre.7"

"@polymer/paper-input@^3.0.0-pre.7":
  version "3.0.0-pre.8"
  resolved "https://registry.yarnpkg.com/@polymer/paper-input/-/paper-input-3.0.0-pre.8.tgz#4c5713d7131ca5590003e17668774c8ae7c3ebce"
  dependencies:
    "@polymer/iron-a11y-keys-behavior" "^3.0.0-pre.7"
    "@polymer/iron-autogrow-textarea" "^3.0.0-pre.7"
    "@polymer/iron-behaviors" "^3.0.0-pre.7"
    "@polymer/iron-form-element-behavior" "^3.0.0-pre.7"
    "@polymer/iron-input" "^3.0.0-pre.7"
    "@polymer/paper-styles" "^3.0.0-pre.7"
    "@polymer/polymer" "^3.0.0-pre.7"

"@polymer/paper-item@^3.0.0-pre.7":
  version "3.0.0-pre.8"
  resolved "https://registry.yarnpkg.com/@polymer/paper-item/-/paper-item-3.0.0-pre.8.tgz#42e494bf8f8ffbc1eb77422e8560d397b9262ee8"
  dependencies:
    "@polymer/iron-behaviors" "^3.0.0-pre.7"
    "@polymer/iron-flex-layout" "^3.0.0-pre.7"
    "@polymer/paper-styles" "^3.0.0-pre.7"
    "@polymer/polymer" "^3.0.0-pre.7"

"@polymer/paper-listbox@^3.0.0-pre.7":
  version "3.0.0-pre.8"
  resolved "https://registry.yarnpkg.com/@polymer/paper-listbox/-/paper-listbox-3.0.0-pre.8.tgz#6abc9670dab7f46624cd09f61f285f0d7ccc61cb"
  dependencies:
    "@polymer/iron-behaviors" "^3.0.0-pre.7"
    "@polymer/iron-menu-behavior" "^3.0.0-pre.7"
    "@polymer/paper-styles" "^3.0.0-pre.7"
    "@polymer/polymer" "^3.0.0-pre.7"

"@polymer/paper-ripple@^3.0.0-pre.7":
  version "3.0.0-pre.8"
  resolved "https://registry.yarnpkg.com/@polymer/paper-ripple/-/paper-ripple-3.0.0-pre.8.tgz#e319e9f331148e68d333daf6bd3b709e09025ce1"
  dependencies:
    "@polymer/iron-a11y-keys-behavior" "^3.0.0-pre.7"
    "@polymer/polymer" "^3.0.0-pre.7"

"@polymer/paper-spinner@^3.0.0-pre.7":
  version "3.0.0-pre.8"
  resolved "https://registry.yarnpkg.com/@polymer/paper-spinner/-/paper-spinner-3.0.0-pre.8.tgz#ca800dbeed79c1e1f6a53e142604303d2360884a"
  dependencies:
    "@polymer/paper-styles" "^3.0.0-pre.7"
    "@polymer/polymer" "^3.0.0-pre.7"

"@polymer/paper-styles@^3.0.0-pre.7":
  version "3.0.0-pre.8"
  resolved "https://registry.yarnpkg.com/@polymer/paper-styles/-/paper-styles-3.0.0-pre.8.tgz#3f5ee7b025a8af914928c7c86add23ff05ae4f4d"
  dependencies:
    "@polymer/font-roboto" "^3.0.0-pre.7"
    "@polymer/iron-flex-layout" "^3.0.0-pre.7"
    "@polymer/polymer" "^3.0.0-pre.7"

"@polymer/paper-tabs@^3.0.0-pre.7":
  version "3.0.0-pre.8"
  resolved "https://registry.yarnpkg.com/@polymer/paper-tabs/-/paper-tabs-3.0.0-pre.8.tgz#221ce9eae0e7e75952492d0ecca50c731332c3cc"
  dependencies:
    "@polymer/iron-behaviors" "^3.0.0-pre.7"
    "@polymer/iron-flex-layout" "^3.0.0-pre.7"
    "@polymer/iron-icon" "^3.0.0-pre.7"
    "@polymer/iron-iconset-svg" "^3.0.0-pre.7"
    "@polymer/iron-menu-behavior" "^3.0.0-pre.7"
    "@polymer/iron-resizable-behavior" "^3.0.0-pre.7"
    "@polymer/paper-behaviors" "^3.0.0-pre.7"
    "@polymer/paper-icon-button" "^3.0.0-pre.7"
    "@polymer/paper-styles" "^3.0.0-pre.7"
    "@polymer/polymer" "^3.0.0-pre.7"

"@polymer/paper-toggle-button@^3.0.0-pre.7":
  version "3.0.0-pre.8"
  resolved "https://registry.yarnpkg.com/@polymer/paper-toggle-button/-/paper-toggle-button-3.0.0-pre.8.tgz#257c063fa119a8b03d1fb7af172fc16c47d0037f"
  dependencies:
    "@polymer/iron-checked-element-behavior" "^3.0.0-pre.7"
    "@polymer/paper-behaviors" "^3.0.0-pre.7"
    "@polymer/paper-styles" "^3.0.0-pre.7"
    "@polymer/polymer" "^3.0.0-pre.7"

"@polymer/polymer@^3.0.0-pre.4", "@polymer/polymer@^3.0.0-pre.7":
  version "3.0.0-pre.8"
  resolved "https://registry.yarnpkg.com/@polymer/polymer/-/polymer-3.0.0-pre.8.tgz#075001a300ca9164f4479473b296d46a28d0110e"
  dependencies:
    "@webcomponents/shadycss" "^1.0.0"
    "@webcomponents/webcomponentsjs" "^1.0.0"

"@webcomponents/shadycss@^1.0.0":
  version "1.1.1"
  resolved "https://registry.yarnpkg.com/@webcomponents/shadycss/-/shadycss-1.1.1.tgz#abc821961c99a2b1c5e0f225cd01b139899ebc4c"

"@webcomponents/webcomponentsjs@^1.0.0":
  version "1.1.0"
  resolved "https://registry.yarnpkg.com/@webcomponents/webcomponentsjs/-/webcomponentsjs-1.1.0.tgz#1392799c266fca142622a720176f688beb74d181"

lit-html@^0.8.0, lit-html@^0.9.0:
  version "0.9.0"
  resolved "https://registry.yarnpkg.com/lit-html/-/lit-html-0.9.0.tgz#a445ecbb3da7d8b17690e6ade6c872c89385092a"
