# THIS IS AN AUTOGENERATED FILE. DO NOT EDIT THIS FILE DIRECTLY.
# yarn lockfile v1


"@polymer/app-layout@^3.0.0-pre.1":
  version "3.0.0-pre.10"
  resolved "https://registry.yarnpkg.com/@polymer/app-layout/-/app-layout-3.0.0-pre.10.tgz#e64032cc87f3bccb75c4fd25ac4b23096ad9cea3"
  dependencies:
    "@polymer/iron-flex-layout" "^3.0.0-pre.10"
    "@polymer/iron-media-query" "^3.0.0-pre.10"
    "@polymer/iron-resizable-behavior" "^3.0.0-pre.10"
    "@polymer/iron-scroll-target-behavior" "^3.0.0-pre.10"
    "@polymer/polymer" "^3.0.0-pre.10"

"@polymer/font-roboto@^3.0.0-pre.10":
  version "3.0.0-pre.10"
  resolved "https://registry.yarnpkg.com/@polymer/font-roboto/-/font-roboto-3.0.0-pre.10.tgz#24489cac9a556d4b5d119749ff48a703350cabc2"

"@polymer/iron-a11y-announcer@^3.0.0-pre.10":
  version "3.0.0-pre.10"
  resolved "https://registry.yarnpkg.com/@polymer/iron-a11y-announcer/-/iron-a11y-announcer-3.0.0-pre.10.tgz#c62d6177fbcb557d48546d0c6cec901168f1b0e3"
  dependencies:
    "@polymer/polymer" "^3.0.0-pre.10"

"@polymer/iron-a11y-keys-behavior@^3.0.0-pre.10":
  version "3.0.0-pre.10"
  resolved "https://registry.yarnpkg.com/@polymer/iron-a11y-keys-behavior/-/iron-a11y-keys-behavior-3.0.0-pre.10.tgz#87c861f04a77650c3748164d97141ca71f303d67"
  dependencies:
    "@polymer/polymer" "^3.0.0-pre.10"

"@polymer/iron-ajax@^3.0.0-pre.1", "@polymer/iron-ajax@^3.0.0-pre.10":
  version "3.0.0-pre.10"
  resolved "https://registry.yarnpkg.com/@polymer/iron-ajax/-/iron-ajax-3.0.0-pre.10.tgz#ff126398155cc2def0cbc3d88329fa916aa25666"
  dependencies:
    "@polymer/polymer" "^3.0.0-pre.10"

"@polymer/iron-autogrow-textarea@^3.0.0-pre.10":
  version "3.0.0-pre.10"
  resolved "https://registry.yarnpkg.com/@polymer/iron-autogrow-textarea/-/iron-autogrow-textarea-3.0.0-pre.10.tgz#cccfc2aa944ff350a05c5e0ef433b52c37b3440f"
  dependencies:
    "@polymer/iron-behaviors" "^3.0.0-pre.10"
    "@polymer/iron-flex-layout" "^3.0.0-pre.10"
    "@polymer/iron-validatable-behavior" "^3.0.0-pre.10"
    "@polymer/polymer" "^3.0.0-pre.10"

"@polymer/iron-behaviors@^3.0.0-pre.10":
  version "3.0.0-pre.10"
  resolved "https://registry.yarnpkg.com/@polymer/iron-behaviors/-/iron-behaviors-3.0.0-pre.10.tgz#cca3ce8d9b6292b26595264c2bdb2e88a5c3cbf1"
  dependencies:
    "@polymer/iron-a11y-keys-behavior" "^3.0.0-pre.10"
    "@polymer/polymer" "^3.0.0-pre.10"

"@polymer/iron-checked-element-behavior@^3.0.0-pre.10":
  version "3.0.0-pre.10"
  resolved "https://registry.yarnpkg.com/@polymer/iron-checked-element-behavior/-/iron-checked-element-behavior-3.0.0-pre.10.tgz#3f30707e9fed1c88ac9f9d6b2787f73eb35fc8a5"
  dependencies:
    "@polymer/iron-form-element-behavior" "^3.0.0-pre.10"
    "@polymer/iron-validatable-behavior" "^3.0.0-pre.10"
    "@polymer/polymer" "^3.0.0-pre.10"

"@polymer/iron-collapse@^3.0.0-pre.1":
  version "3.0.0-pre.10"
  resolved "https://registry.yarnpkg.com/@polymer/iron-collapse/-/iron-collapse-3.0.0-pre.10.tgz#d6c7a4ab66f15c3558f99ff1ba1c3933c6c78c94"
  dependencies:
    "@polymer/iron-resizable-behavior" "^3.0.0-pre.10"
    "@polymer/polymer" "^3.0.0-pre.10"

"@polymer/iron-dropdown@^3.0.0-pre.10":
  version "3.0.0-pre.10"
  resolved "https://registry.yarnpkg.com/@polymer/iron-dropdown/-/iron-dropdown-3.0.0-pre.10.tgz#df97495cfd62574ccf5633a38b9ae09ab1fd2149"
  dependencies:
    "@polymer/iron-behaviors" "^3.0.0-pre.10"
    "@polymer/iron-overlay-behavior" "^3.0.0-pre.10"
    "@polymer/neon-animation" "^3.0.0-pre.10"
    "@polymer/polymer" "^3.0.0-pre.10"

"@polymer/iron-fit-behavior@^3.0.0-pre.10":
  version "3.0.0-pre.10"
  resolved "https://registry.yarnpkg.com/@polymer/iron-fit-behavior/-/iron-fit-behavior-3.0.0-pre.10.tgz#b14ba77e166688e3475c8da92b41a69cb0424d0d"
  dependencies:
    "@polymer/polymer" "^3.0.0-pre.10"

"@polymer/iron-flex-layout@^3.0.0-pre.10":
  version "3.0.0-pre.10"
  resolved "https://registry.yarnpkg.com/@polymer/iron-flex-layout/-/iron-flex-layout-3.0.0-pre.10.tgz#3436278e5ba65d423e3bdb1a7682e1611709c23f"
  dependencies:
    "@polymer/polymer" "^3.0.0-pre.10"

"@polymer/iron-form-element-behavior@^3.0.0-pre.10":
  version "3.0.0-pre.10"
  resolved "https://registry.yarnpkg.com/@polymer/iron-form-element-behavior/-/iron-form-element-behavior-3.0.0-pre.10.tgz#6e42f21128e8375b82613f30c592f299704639bc"
  dependencies:
    "@polymer/polymer" "^3.0.0-pre.10"

"@polymer/iron-form@^3.0.0-pre.1":
  version "3.0.0-pre.10"
  resolved "https://registry.yarnpkg.com/@polymer/iron-form/-/iron-form-3.0.0-pre.10.tgz#699676fcb640cc07ac0e79f19972bb2f4c8e9a86"
  dependencies:
    "@polymer/iron-ajax" "^3.0.0-pre.10"
    "@polymer/polymer" "^3.0.0-pre.10"

"@polymer/iron-icon@^3.0.0-pre.10":
  version "3.0.0-pre.10"
  resolved "https://registry.yarnpkg.com/@polymer/iron-icon/-/iron-icon-3.0.0-pre.10.tgz#98b285dbd27fd766d4724da1e2dd2a6ba5f5f988"
  dependencies:
    "@polymer/iron-flex-layout" "^3.0.0-pre.10"
    "@polymer/iron-meta" "^3.0.0-pre.10"
    "@polymer/polymer" "^3.0.0-pre.10"

"@polymer/iron-icons@^3.0.0-pre.1":
  version "3.0.0-pre.10"
  resolved "https://registry.yarnpkg.com/@polymer/iron-icons/-/iron-icons-3.0.0-pre.10.tgz#b5381def1af5303770557dd5e5b128a9ee2acf7c"
  dependencies:
    "@polymer/iron-icon" "^3.0.0-pre.10"
    "@polymer/iron-iconset-svg" "^3.0.0-pre.10"
    "@polymer/polymer" "^3.0.0-pre.10"

"@polymer/iron-iconset-svg@^3.0.0-pre.10":
  version "3.0.0-pre.10"
  resolved "https://registry.yarnpkg.com/@polymer/iron-iconset-svg/-/iron-iconset-svg-3.0.0-pre.10.tgz#e8917d0c863da8460bd978df74127d9cf0af5ec5"
  dependencies:
    "@polymer/iron-meta" "^3.0.0-pre.10"
    "@polymer/polymer" "^3.0.0-pre.10"

"@polymer/iron-image@^3.0.0-pre.10":
  version "3.0.0-pre.10"
  resolved "https://registry.yarnpkg.com/@polymer/iron-image/-/iron-image-3.0.0-pre.10.tgz#8b37a6a2963d1c05caecafe362ed7864e3de60ac"
  dependencies:
    "@polymer/polymer" "^3.0.0-pre.10"

"@polymer/iron-input@^3.0.0-pre.10":
  version "3.0.0-pre.10"
  resolved "https://registry.yarnpkg.com/@polymer/iron-input/-/iron-input-3.0.0-pre.10.tgz#8b74068d7cdc02c486e24f6ded1faf243a1eba98"
  dependencies:
    "@polymer/iron-a11y-announcer" "^3.0.0-pre.10"
    "@polymer/iron-validatable-behavior" "^3.0.0-pre.10"
    "@polymer/polymer" "^3.0.0-pre.10"

"@polymer/iron-media-query@^3.0.0-pre.10":
  version "3.0.0-pre.10"
  resolved "https://registry.yarnpkg.com/@polymer/iron-media-query/-/iron-media-query-3.0.0-pre.10.tgz#9e3989b3a57d02d55d4a1f94acded3c5dc9f435e"
  dependencies:
    "@polymer/polymer" "^3.0.0-pre.10"

"@polymer/iron-menu-behavior@^3.0.0-pre.10":
  version "3.0.0-pre.10"
  resolved "https://registry.yarnpkg.com/@polymer/iron-menu-behavior/-/iron-menu-behavior-3.0.0-pre.10.tgz#c852eac1618196dc7b8caf5553adba4f6402fa6d"
  dependencies:
    "@polymer/iron-a11y-keys-behavior" "^3.0.0-pre.10"
    "@polymer/iron-flex-layout" "^3.0.0-pre.10"
    "@polymer/iron-selector" "^3.0.0-pre.10"
    "@polymer/polymer" "^3.0.0-pre.10"

"@polymer/iron-meta@^3.0.0-pre.10":
  version "3.0.0-pre.10"
  resolved "https://registry.yarnpkg.com/@polymer/iron-meta/-/iron-meta-3.0.0-pre.10.tgz#84bd9216726673b8d7b4617633e8be3f8cacea89"
  dependencies:
    "@polymer/polymer" "^3.0.0-pre.10"

"@polymer/iron-overlay-behavior@^3.0.0-pre.10":
  version "3.0.0-pre.10"
  resolved "https://registry.yarnpkg.com/@polymer/iron-overlay-behavior/-/iron-overlay-behavior-3.0.0-pre.10.tgz#ab258b5b527904b699cb5bf9011c484739389d23"
  dependencies:
    "@polymer/iron-a11y-keys-behavior" "^3.0.0-pre.10"
    "@polymer/iron-fit-behavior" "^3.0.0-pre.10"
    "@polymer/iron-resizable-behavior" "^3.0.0-pre.10"
    "@polymer/polymer" "^3.0.0-pre.10"

"@polymer/iron-pages@^3.0.0-pre.1":
  version "3.0.0-pre.10"
  resolved "https://registry.yarnpkg.com/@polymer/iron-pages/-/iron-pages-3.0.0-pre.10.tgz#09c48d111e229c1a7042c434080d4d55b1e094e1"
  dependencies:
    "@polymer/iron-resizable-behavior" "^3.0.0-pre.10"
    "@polymer/iron-selector" "^3.0.0-pre.10"
    "@polymer/polymer" "^3.0.0-pre.10"

"@polymer/iron-resizable-behavior@^3.0.0-pre.10":
  version "3.0.0-pre.10"
  resolved "https://registry.yarnpkg.com/@polymer/iron-resizable-behavior/-/iron-resizable-behavior-3.0.0-pre.10.tgz#0e44af3edfad4e5b655b4b2cb6a205530bbd0ae0"
  dependencies:
    "@polymer/polymer" "^3.0.0-pre.10"

"@polymer/iron-scroll-target-behavior@^3.0.0-pre.10":
  version "3.0.0-pre.10"
  resolved "https://registry.yarnpkg.com/@polymer/iron-scroll-target-behavior/-/iron-scroll-target-behavior-3.0.0-pre.10.tgz#d18aa5d83819a6e9c44b76ca8875297125576481"
  dependencies:
    "@polymer/polymer" "^3.0.0-pre.10"

"@polymer/iron-selector@^3.0.0-pre.1", "@polymer/iron-selector@^3.0.0-pre.10":
  version "3.0.0-pre.10"
  resolved "https://registry.yarnpkg.com/@polymer/iron-selector/-/iron-selector-3.0.0-pre.10.tgz#a99379f041fa28e889de290644c6baeaec6401e8"
  dependencies:
    "@polymer/polymer" "^3.0.0-pre.10"

"@polymer/iron-validatable-behavior@^3.0.0-pre.10":
  version "3.0.0-pre.10"
  resolved "https://registry.yarnpkg.com/@polymer/iron-validatable-behavior/-/iron-validatable-behavior-3.0.0-pre.10.tgz#f453e4f4070d749b1838ec9283f0ac3e053f29b5"
  dependencies:
    "@polymer/iron-meta" "^3.0.0-pre.10"
    "@polymer/polymer" "^3.0.0-pre.10"

"@polymer/lit-element@^0.1.0":
  version "0.1.1"
  resolved "https://registry.yarnpkg.com/@polymer/lit-element/-/lit-element-0.1.1.tgz#7ecf88116a613c47931c005720a4da93fb7b5818"
  dependencies:
    "@polymer/polymer" "^3.0.0-pre.9"
    lit-html latest

"@polymer/neon-animation@^3.0.0-pre.10":
  version "3.0.0-pre.10"
  resolved "https://registry.yarnpkg.com/@polymer/neon-animation/-/neon-animation-3.0.0-pre.10.tgz#862e91bb36fe4782c270d66ff4e5c91c8fbc0a3d"
  dependencies:
    "@polymer/iron-resizable-behavior" "^3.0.0-pre.10"
    "@polymer/iron-selector" "^3.0.0-pre.10"
    "@polymer/polymer" "^3.0.0-pre.10"

"@polymer/paper-behaviors@^3.0.0-pre.10":
  version "3.0.0-pre.10"
  resolved "https://registry.yarnpkg.com/@polymer/paper-behaviors/-/paper-behaviors-3.0.0-pre.10.tgz#f725cadeef2058fcbaaa25cec7d969813a6f3e3f"
  dependencies:
    "@polymer/iron-behaviors" "^3.0.0-pre.10"
    "@polymer/iron-checked-element-behavior" "^3.0.0-pre.10"
    "@polymer/paper-ripple" "^3.0.0-pre.10"
    "@polymer/polymer" "^3.0.0-pre.10"

"@polymer/paper-button@^3.0.0-pre.1":
  version "3.0.0-pre.10"
  resolved "https://registry.yarnpkg.com/@polymer/paper-button/-/paper-button-3.0.0-pre.10.tgz#7a34769ecfb848248355354e3693f5c4fce90b00"
  dependencies:
    "@polymer/iron-flex-layout" "^3.0.0-pre.10"
    "@polymer/paper-behaviors" "^3.0.0-pre.10"
    "@polymer/paper-styles" "^3.0.0-pre.10"
    "@polymer/polymer" "^3.0.0-pre.10"

"@polymer/paper-card@^3.0.0-pre.1":
  version "3.0.0-pre.10"
  resolved "https://registry.yarnpkg.com/@polymer/paper-card/-/paper-card-3.0.0-pre.10.tgz#201e06928d9d9728e2ba9454019d10244d88c00c"
  dependencies:
    "@polymer/iron-flex-layout" "^3.0.0-pre.10"
    "@polymer/iron-image" "^3.0.0-pre.10"
    "@polymer/paper-styles" "^3.0.0-pre.10"
    "@polymer/polymer" "^3.0.0-pre.10"

"@polymer/paper-checkbox@^3.0.0-pre.1":
  version "3.0.0-pre.10"
  resolved "https://registry.yarnpkg.com/@polymer/paper-checkbox/-/paper-checkbox-3.0.0-pre.10.tgz#b1828dce90b3855b0692c1c7410353307b0c10d6"
  dependencies:
    "@polymer/iron-a11y-keys-behavior" "^3.0.0-pre.10"
    "@polymer/iron-checked-element-behavior" "^3.0.0-pre.10"
    "@polymer/paper-behaviors" "^3.0.0-pre.10"
    "@polymer/paper-ripple" "^3.0.0-pre.10"
    "@polymer/paper-styles" "^3.0.0-pre.10"
    "@polymer/polymer" "^3.0.0-pre.10"

"@polymer/paper-dialog-behavior@^3.0.0-pre.10":
  version "3.0.0-pre.10"
  resolved "https://registry.yarnpkg.com/@polymer/paper-dialog-behavior/-/paper-dialog-behavior-3.0.0-pre.10.tgz#7260956570f5df1f0da9965e4f090b800725b592"
  dependencies:
    "@polymer/iron-overlay-behavior" "^3.0.0-pre.10"
    "@polymer/paper-styles" "^3.0.0-pre.10"
    "@polymer/polymer" "^3.0.0-pre.10"

"@polymer/paper-dialog-scrollable@^3.0.0-pre.1":
  version "3.0.0-pre.10"
  resolved "https://registry.yarnpkg.com/@polymer/paper-dialog-scrollable/-/paper-dialog-scrollable-3.0.0-pre.10.tgz#9bbb3341f88ed9aab4b7d5ea175196b2161c2cf1"
  dependencies:
    "@polymer/iron-flex-layout" "^3.0.0-pre.10"
    "@polymer/paper-dialog-behavior" "^3.0.0-pre.10"
    "@polymer/paper-styles" "^3.0.0-pre.10"
    "@polymer/polymer" "^3.0.0-pre.10"

"@polymer/paper-dialog@^3.0.0-pre.1":
  version "3.0.0-pre.10"
  resolved "https://registry.yarnpkg.com/@polymer/paper-dialog/-/paper-dialog-3.0.0-pre.10.tgz#42ae17c48d620f752a3b0517a952637ed21a3890"
  dependencies:
    "@polymer/iron-overlay-behavior" "^3.0.0-pre.10"
    "@polymer/neon-animation" "^3.0.0-pre.10"
    "@polymer/paper-dialog-behavior" "^3.0.0-pre.10"
    "@polymer/polymer" "^3.0.0-pre.10"

"@polymer/paper-dropdown-menu@^3.0.0-pre.1":
  version "3.0.0-pre.10"
  resolved "https://registry.yarnpkg.com/@polymer/paper-dropdown-menu/-/paper-dropdown-menu-3.0.0-pre.10.tgz#0c21125e9d9c173adefd805c2caaecf084e00fb9"
  dependencies:
    "@polymer/iron-a11y-keys-behavior" "^3.0.0-pre.10"
    "@polymer/iron-form-element-behavior" "^3.0.0-pre.10"
    "@polymer/iron-icon" "^3.0.0-pre.10"
    "@polymer/iron-iconset-svg" "^3.0.0-pre.10"
    "@polymer/iron-validatable-behavior" "^3.0.0-pre.10"
    "@polymer/paper-behaviors" "^3.0.0-pre.10"
    "@polymer/paper-input" "^3.0.0-pre.10"
    "@polymer/paper-menu-button" "^3.0.0-pre.10"
    "@polymer/paper-ripple" "^3.0.0-pre.10"
    "@polymer/paper-styles" "^3.0.0-pre.10"
    "@polymer/polymer" "^3.0.0-pre.10"

"@polymer/paper-icon-button@^3.0.0-pre.10":
  version "3.0.0-pre.10"
  resolved "https://registry.yarnpkg.com/@polymer/paper-icon-button/-/paper-icon-button-3.0.0-pre.10.tgz#d9673482637d8e309cae6494bf714dd1e0121e31"
  dependencies:
    "@polymer/iron-icon" "^3.0.0-pre.10"
    "@polymer/paper-behaviors" "^3.0.0-pre.10"
    "@polymer/paper-styles" "^3.0.0-pre.10"
    "@polymer/polymer" "^3.0.0-pre.10"

"@polymer/paper-input@^3.0.0-pre.1", "@polymer/paper-input@^3.0.0-pre.10":
  version "3.0.0-pre.10"
  resolved "https://registry.yarnpkg.com/@polymer/paper-input/-/paper-input-3.0.0-pre.10.tgz#85db9725880ff88560a7fba7e4207502e19e4aaf"
  dependencies:
    "@polymer/iron-a11y-keys-behavior" "^3.0.0-pre.10"
    "@polymer/iron-autogrow-textarea" "^3.0.0-pre.10"
    "@polymer/iron-behaviors" "^3.0.0-pre.10"
    "@polymer/iron-form-element-behavior" "^3.0.0-pre.10"
    "@polymer/iron-input" "^3.0.0-pre.10"
    "@polymer/paper-styles" "^3.0.0-pre.10"
    "@polymer/polymer" "^3.0.0-pre.10"

"@polymer/paper-item@^3.0.0-pre.1":
  version "3.0.0-pre.10"
  resolved "https://registry.yarnpkg.com/@polymer/paper-item/-/paper-item-3.0.0-pre.10.tgz#246f60a4abaca6178aa2c4a95bb9dbe54f15d5d7"
  dependencies:
    "@polymer/iron-behaviors" "^3.0.0-pre.10"
    "@polymer/iron-flex-layout" "^3.0.0-pre.10"
    "@polymer/paper-styles" "^3.0.0-pre.10"
    "@polymer/polymer" "^3.0.0-pre.10"

"@polymer/paper-listbox@^3.0.0-pre.1":
  version "3.0.0-pre.10"
  resolved "https://registry.yarnpkg.com/@polymer/paper-listbox/-/paper-listbox-3.0.0-pre.10.tgz#9e87f093d8d9fbc3c2c40e62428338f43fbcff3b"
  dependencies:
    "@polymer/iron-behaviors" "^3.0.0-pre.10"
    "@polymer/iron-menu-behavior" "^3.0.0-pre.10"
    "@polymer/paper-styles" "^3.0.0-pre.10"
    "@polymer/polymer" "^3.0.0-pre.10"

"@polymer/paper-menu-button@^3.0.0-pre.10":
  version "3.0.0-pre.10"
  resolved "https://registry.yarnpkg.com/@polymer/paper-menu-button/-/paper-menu-button-3.0.0-pre.10.tgz#f37785f64420d0ad04851ba497619fe65dc640fb"
  dependencies:
    "@polymer/iron-a11y-keys-behavior" "^3.0.0-pre.10"
    "@polymer/iron-behaviors" "^3.0.0-pre.10"
    "@polymer/iron-dropdown" "^3.0.0-pre.10"
    "@polymer/iron-fit-behavior" "^3.0.0-pre.10"
    "@polymer/neon-animation" "^3.0.0-pre.10"
    "@polymer/paper-styles" "^3.0.0-pre.10"
    "@polymer/polymer" "^3.0.0-pre.10"

"@polymer/paper-radio-button@^3.0.0-pre.1", "@polymer/paper-radio-button@^3.0.0-pre.10":
  version "3.0.0-pre.10"
  resolved "https://registry.yarnpkg.com/@polymer/paper-radio-button/-/paper-radio-button-3.0.0-pre.10.tgz#8b478791a8edca3f4f0a9fd84522fdcab3c51b70"
  dependencies:
    "@polymer/iron-checked-element-behavior" "^3.0.0-pre.10"
    "@polymer/iron-flex-layout" "^3.0.0-pre.10"
    "@polymer/paper-behaviors" "^3.0.0-pre.10"
    "@polymer/paper-styles" "^3.0.0-pre.10"
    "@polymer/polymer" "^3.0.0-pre.10"

"@polymer/paper-radio-group@^3.0.0-pre.1":
  version "3.0.0-pre.10"
  resolved "https://registry.yarnpkg.com/@polymer/paper-radio-group/-/paper-radio-group-3.0.0-pre.10.tgz#3c3ad5f3b722d9e00fd92bfe2567d948b1e5f111"
  dependencies:
    "@polymer/iron-a11y-keys-behavior" "^3.0.0-pre.10"
    "@polymer/iron-menu-behavior" "^3.0.0-pre.10"
    "@polymer/paper-radio-button" "^3.0.0-pre.10"
    "@polymer/polymer" "^3.0.0-pre.10"

"@polymer/paper-ripple@^3.0.0-pre.10":
  version "3.0.0-pre.10"
  resolved "https://registry.yarnpkg.com/@polymer/paper-ripple/-/paper-ripple-3.0.0-pre.10.tgz#b591d4f813799c88fa4d1fb60bafb89bb71e2115"
  dependencies:
    "@polymer/iron-a11y-keys-behavior" "^3.0.0-pre.10"
    "@polymer/polymer" "^3.0.0-pre.10"

"@polymer/paper-spinner@^3.0.0-pre.1":
  version "3.0.0-pre.10"
  resolved "https://registry.yarnpkg.com/@polymer/paper-spinner/-/paper-spinner-3.0.0-pre.10.tgz#5f07ddf26239530c1206a7d91fe883632f2949ce"
  dependencies:
    "@polymer/paper-styles" "^3.0.0-pre.10"
    "@polymer/polymer" "^3.0.0-pre.10"

"@polymer/paper-styles@^3.0.0-pre.10":
  version "3.0.0-pre.10"
  resolved "https://registry.yarnpkg.com/@polymer/paper-styles/-/paper-styles-3.0.0-pre.10.tgz#f2e0af7b7a098b32bdb2bafa4368867a1b5daf03"
  dependencies:
    "@polymer/font-roboto" "^3.0.0-pre.10"
    "@polymer/iron-flex-layout" "^3.0.0-pre.10"
    "@polymer/polymer" "^3.0.0-pre.10"

"@polymer/paper-tabs@^3.0.0-pre.1":
  version "3.0.0-pre.10"
  resolved "https://registry.yarnpkg.com/@polymer/paper-tabs/-/paper-tabs-3.0.0-pre.10.tgz#327eabecd636b5819863307575e460e4ed52776b"
  dependencies:
    "@polymer/iron-behaviors" "^3.0.0-pre.10"
    "@polymer/iron-flex-layout" "^3.0.0-pre.10"
    "@polymer/iron-icon" "^3.0.0-pre.10"
    "@polymer/iron-iconset-svg" "^3.0.0-pre.10"
    "@polymer/iron-menu-behavior" "^3.0.0-pre.10"
    "@polymer/iron-resizable-behavior" "^3.0.0-pre.10"
    "@polymer/paper-behaviors" "^3.0.0-pre.10"
    "@polymer/paper-icon-button" "^3.0.0-pre.10"
    "@polymer/paper-styles" "^3.0.0-pre.10"
    "@polymer/polymer" "^3.0.0-pre.10"

"@polymer/paper-toast@^3.0.0-pre.1":
  version "3.0.0-pre.10"
  resolved "https://registry.yarnpkg.com/@polymer/paper-toast/-/paper-toast-3.0.0-pre.10.tgz#64d043fd1a5ecef7f081677fac75c2ef61c5933b"
  dependencies:
    "@polymer/iron-a11y-announcer" "^3.0.0-pre.10"
    "@polymer/iron-fit-behavior" "^3.0.0-pre.10"
    "@polymer/iron-overlay-behavior" "^3.0.0-pre.10"
    "@polymer/polymer" "^3.0.0-pre.10"

"@polymer/paper-toggle-button@^3.0.0-pre.1":
  version "3.0.0-pre.10"
  resolved "https://registry.yarnpkg.com/@polymer/paper-toggle-button/-/paper-toggle-button-3.0.0-pre.10.tgz#75beee91a56353536561125b8f503a700e5ac587"
  dependencies:
    "@polymer/iron-checked-element-behavior" "^3.0.0-pre.10"
    "@polymer/paper-behaviors" "^3.0.0-pre.10"
    "@polymer/paper-styles" "^3.0.0-pre.10"
    "@polymer/polymer" "^3.0.0-pre.10"

"@polymer/polymer@^3.0.0-pre.1", "@polymer/polymer@^3.0.0-pre.10", "@polymer/polymer@^3.0.0-pre.9":
  version "3.0.0-pre.10"
  resolved "https://registry.yarnpkg.com/@polymer/polymer/-/polymer-3.0.0-pre.10.tgz#ffecc8cfac05546467b8913c73b7a9caf2a990c2"
  dependencies:
    "@webcomponents/shadycss" "^1.0.0"
    "@webcomponents/webcomponentsjs" "^1.0.0"

"@types/geojson@^1.0.0":
  version "1.0.6"
  resolved "https://registry.yarnpkg.com/@types/geojson/-/geojson-1.0.6.tgz#3e02972728c69248c2af08d60a48cbb8680fffdf"

"@webcomponents/shadycss@^1.0.0":
  version "1.1.1"
  resolved "https://registry.yarnpkg.com/@webcomponents/shadycss/-/shadycss-1.1.1.tgz#abc821961c99a2b1c5e0f225cd01b139899ebc4c"

"@webcomponents/webcomponentsjs@^1.0.0":
  version "1.1.0"
  resolved "https://registry.yarnpkg.com/@webcomponents/webcomponentsjs/-/webcomponentsjs-1.1.0.tgz#1392799c266fca142622a720176f688beb74d181"

lit-html@latest:
  version "0.9.0"
  resolved "https://registry.yarnpkg.com/lit-html/-/lit-html-0.9.0.tgz#a445ecbb3da7d8b17690e6ade6c872c89385092a"

terraformer-wkt-parser@^1.1.2:
  version "1.1.2"
  resolved "https://registry.yarnpkg.com/terraformer-wkt-parser/-/terraformer-wkt-parser-1.1.2.tgz#336a0c8fc82094a5aff83288f69aedecd369bf0c"
  dependencies:
    terraformer "~1.0.5"

terraformer@^1.0.8, terraformer@~1.0.5:
  version "1.0.8"
  resolved "https://registry.yarnpkg.com/terraformer/-/terraformer-1.0.8.tgz#51e0ad89746fcf2161dc6f65aa70e42377c8b593"
  dependencies:
    "@types/geojson" "^1.0.0"
